
Microsoft Visual Studio Solution File, Format Version 12.00
# Visual Studio Version 16
VisualStudioVersion = 16.0.33214.272
MinimumVisualStudioVersion = 10.0.40219.1
Project("{FAE04EC0-301F-11D3-BF4B-00C04F79EFBC}") = "Golden_Terry_Towels", "PeeEmpro\Golden_Terry_Towels.csproj", "{DC8C4B6F-98E8-458A-9B0C-9D43E0CF41F2}"
EndProject
Global
	GlobalSection(SolutionConfigurationPlatforms) = preSolution
		Debug|Any CPU = Debug|Any CPU
		Debug|x64 = Debug|x64
		Release|Any CPU = Release|Any CPU
		Release|x64 = Release|x64
	EndGlobalSection
	GlobalSection(ProjectConfigurationPlatforms) = postSolution
		{DC8C4B6F-98E8-458A-9B0C-9D43E0CF41F2}.Debug|Any CPU.ActiveCfg = Debug|Any CPU
		{DC8C4B6F-98E8-458A-9B0C-9D43E0CF41F2}.Debug|Any CPU.Build.0 = Debug|Any CPU
		{DC8C4B6F-98E8-458A-9B0C-9D43E0CF41F2}.Debug|x64.ActiveCfg = Debug|x64
		{DC8C4B6F-98E8-458A-9B0C-9D43E0CF41F2}.Debug|x64.Build.0 = Debug|x64
		{DC8C4B6F-98E8-458A-9B0C-9D43E0CF41F2}.Release|Any CPU.ActiveCfg = Release|Any CPU
		{DC8C4B6F-98E8-458A-9B0C-9D43E0CF41F2}.Release|Any CPU.Build.0 = Release|Any CPU
		{DC8C4B6F-98E8-458A-9B0C-9D43E0CF41F2}.Release|x64.ActiveCfg = Release|x64
		{DC8C4B6F-98E8-458A-9B0C-9D43E0CF41F2}.Release|x64.Build.0 = Release|x64
	EndGlobalSection
	GlobalSection(SolutionProperties) = preSolution
		HideSolutionNode = FALSE
	EndGlobalSection
	GlobalSection(ExtensibilityGlobals) = postSolution
		SolutionGuid = {49DA84B7-4166-4C46-AE93-8F4ECCC3818F}
	EndGlobalSection
EndGlobal
